
Microsoft Visual Studio Solution File, Format Version 12.00
# Visual Studio Version 17
VisualStudioVersion = 17.10.35122.118
MinimumVisualStudioVersion = 10.0.40219.1
Project("{9A19103F-16F7-4668-BE54-9A1E7A4F7556}") = "finance.api", "finance.api.csproj", "{4A8E4968-AB03-4CB2-9850-95D253705D9C}"
EndProject
Global
	GlobalSection(SolutionConfigurationPlatforms) = preSolution
		Debug|Any CPU = Debug|Any CPU
		Release|Any CPU = Release|Any CPU
	EndGlobalSection
	GlobalSection(ProjectConfigurationPlatforms) = postSolution
		{4A8E4968-AB03-4CB2-9850-95D253705D9C}.Debug|Any CPU.ActiveCfg = Debug|Any CPU
		{4A8E4968-AB03-4CB2-9850-95D253705D9C}.Debug|Any CPU.Build.0 = Debug|Any CPU
		{4A8E4968-AB03-4CB2-9850-95D253705D9C}.Release|Any CPU.ActiveCfg = Release|Any CPU
		{4A8E4968-AB03-4CB2-9850-95D253705D9C}.Release|Any CPU.Build.0 = Release|Any CPU
	EndGlobalSection
	GlobalSection(SolutionProperties) = preSolution
		HideSolutionNode = FALSE
	EndGlobalSection
	GlobalSection(ExtensibilityGlobals) = postSolution
		SolutionGuid = {AC145964-043E-470D-8D3C-FB10A8A1AB3C}
	EndGlobalSection
EndGlobal
